{
  "lockfileVersion": 1,
  "configVersion": 0,
  "workspaces": {
    "": {
      "name": "client",
      "dependencies": {
        "react": "^19.2.4",
        "react-dom": "^19.2.4",
        "react-window": "^1.8.8",
      },
      "devDependencies": {
        "oxlint": "^0.6.0",
      },
    },
  },
  "packages": {
    "@babel/runtime": ["@babel/runtime@7.29.2", "", {}, "sha512-JiDShH45zKHWyGe4ZNVRrCjBz8Nh9TMmZG1kh4QTK8hCBTWBi8Da+i7s1fJw7/lYpM4ccepSNfqzZ/QvABBi5g=="],

    "@oxlint/darwin-arm64": ["@oxlint/darwin-arm64@0.6.1", "", { "os": "darwin", "cpu": "arm64" }, "sha512-qnPtdpX4a2wZJYHo/7pO5oHGFfA1t47M+gN9d/ds2+C7UzfZyp1kgE6cjeBidnkpSnFWUPfOmuoOOrFs8Ig+Sw=="],

    "@oxlint/darwin-x64": ["@oxlint/darwin-x64@0.6.1", "", { "os": "darwin", "cpu": "x64" }, "sha512-/M126TTjEfzNRwYgopJ1qMxbJMUzzrMY64PjbXTID7ig7nLyxcMSAp454Znf8Sh/3uulPODynmkCdkReiGqPvw=="],

    "@oxlint/linux-arm64-gnu": ["@oxlint/linux-arm64-gnu@0.6.1", "", { "os": "linux", "cpu": "arm64" }, "sha512-120Qbek2yJz59iIzS0bwoM2717UTd6MRggDBgRw70rN0zdzkAZhORSywuC+EPq8U6ltIqYeMfcl+sGq7ZyhPyg=="],

    "@oxlint/linux-arm64-musl": ["@oxlint/linux-arm64-musl@0.6.1", "", { "os": "linux", "cpu": "arm64" }, "sha512-wT0T+YOW8Ng2WGcLnWCylEpHwUDRun2HomTNslRed4RQzTWOisyp6hNB8sS6JZlRGYoCGUePgwBy7GM2P0IQYw=="],

    "@oxlint/linux-x64-gnu": ["@oxlint/linux-x64-gnu@0.6.1", "", { "os": "linux", "cpu": "x64" }, "sha512-4qUcfTDXGOrm3/ohiCG09ZvjpCZImg1yI/IaOo25ij9VXLoaWUYJ6vbxY1GqPQegqZhli7fbFXQ5FP6AwjhBtQ=="],

    "@oxlint/linux-x64-musl": ["@oxlint/linux-x64-musl@0.6.1", "", { "os": "linux", "cpu": "x64" }, "sha512-v0O46xwi0EW+J3QxIZAU1h+2voIsq+BZc6/mPKzkSlnyYSPECBDFOG6IJF/rf7qzsjvIeFqdYB+sGGCxoxM5mg=="],

    "@oxlint/win32-arm64": ["@oxlint/win32-arm64@0.6.1", "", { "os": "win32", "cpu": "arm64" }, "sha512-51NQgkd/XDQzAvFHKanjhFyKoPXvomNBHJnQF3iEYKmAGT2+VOOF9N6ism/FTLn+xGdzLBVU51xwRlmpCXt3kQ=="],

    "@oxlint/win32-x64": ["@oxlint/win32-x64@0.6.1", "", { "os": "win32", "cpu": "x64" }, "sha512-T8uLmIxbs1X2wbiZzIjxHJgtYEOGl7d+wZTzj701JsKHsY8DWtOCvMMgmd3EoO0XX8PPxpJYdZDWupdiIlYQ4Q=="],

    "memoize-one": ["memoize-one@5.2.1", "", {}, "sha512-zYiwtZUcYyXKo/np96AGZAckk+FWWsUdJ3cHGGmld7+AhvcWmQyGCYUh1hc4Q/pkOhb65dQR/pqCyK0cOaHz4Q=="],

    "oxlint": ["oxlint@0.6.1", "", { "optionalDependencies": { "@oxlint/darwin-arm64": "0.6.1", "@oxlint/darwin-x64": "0.6.1", "@oxlint/linux-arm64-gnu": "0.6.1", "@oxlint/linux-arm64-musl": "0.6.1", "@oxlint/linux-x64-gnu": "0.6.1", "@oxlint/linux-x64-musl": "0.6.1", "@oxlint/win32-arm64": "0.6.1", "@oxlint/win32-x64": "0.6.1" }, "bin": { "oxlint": "bin/oxlint" } }, "sha512-V66/akd9Gu2+KE6zP/QNTqlmBChL2Q9tPYR9CguKML1SaR/URXmgpvx+0ZfFIA+pDz/VzOOM0w79ozfakbW82w=="],

    "react": ["react@19.2.4", "", {}, "sha512-9nfp2hYpCwOjAN+8TZFGhtWEwgvWHXqESH8qT89AT/lWklpLON22Lc8pEtnpsZz7VmawabSU0gCjnj8aC0euHQ=="],

    "react-dom": ["react-dom@19.2.4", "", { "dependencies": { "scheduler": "^0.27.0" }, "peerDependencies": { "react": "^19.2.4" } }, "sha512-AXJdLo8kgMbimY95O2aKQqsz2iWi9jMgKJhRBAxECE4IFxfcazB2LmzloIoibJI3C12IlY20+KFaLv+71bUJeQ=="],

    "react-window": ["react-window@1.8.11", "", { "dependencies": { "@babel/runtime": "^7.0.0", "memoize-one": ">=3.1.1 <6" }, "peerDependencies": { "react": "^15.0.0 || ^16.0.0 || ^17.0.0 || ^18.0.0 || ^19.0.0", "react-dom": "^15.0.0 || ^16.0.0 || ^17.0.0 || ^18.0.0 || ^19.0.0" } }, "sha512-+SRbUVT2scadgFSWx+R1P754xHPEqvcfSfVX10QYg6POOz+WNgkN48pS+BtZNIMGiL1HYrSEiCkwsMS15QogEQ=="],

    "scheduler": ["scheduler@0.27.0", "", {}, "sha512-eNv+WrVbKu1f3vbYJT/xtiF5syA5HPIMtf9IgY/nKg0sWqzAUEvqY/xm7OcZc/qafLx/iO9FgOmeSAp4v5ti/Q=="],
  }
}
